// !$*UTF8*$!
{
	archiveVersion = 1;
	classes = {
	};
	objectVersion = 50;
	objects = {

/* Begin PBXBuildFile section */
		5F0D329A20EE74E30065E95A /* AppDelegate.swift in Sources */ = {isa = PBXBuildFile; fileRef = 5F0D329920EE74E30065E95A /* AppDelegate.swift */; };
		5F0D32A220EE74E30065E95A /* Animated_Set.xcdatamodeld in Sources */ = {isa = PBXBuildFile; fileRef = 5F0D32A020EE74E30065E95A /* Animated_Set.xcdatamodeld */; };
		5F0D32A420EE75240065E95A /* Assets.xcassets in Resources */ = {isa = PBXBuildFile; fileRef = 5F0D32A320EE75240065E95A /* Assets.xcassets */; };
		5F0D32A720EE75240065E95A /* LaunchScreen.storyboard in Resources */ = {isa = PBXBuildFile; fileRef = 5F0D32A520EE75240065E95A /* LaunchScreen.storyboard */; };
		5F0D32B320EE765F0065E95A /* SetViewController.swift in Sources */ = {isa = PBXBuildFile; fileRef = 5F0D32B020EE765F0065E95A /* SetViewController.swift */; };
		5F0D32B520EE76F80065E95A /* Main.storyboard in Resources */ = {isa = PBXBuildFile; fileRef = 5F0D32B420EE76F80065E95A /* Main.storyboard */; };
		5F0D32B820EE81440065E95A /* SetCardView.swift in Sources */ = {isa = PBXBuildFile; fileRef = 5F0D32B620EE81440065E95A /* SetCardView.swift */; };
		5F0D32B920EE81440065E95A /* Grid.swift in Sources */ = {isa = PBXBuildFile; fileRef = 5F0D32B720EE81440065E95A /* Grid.swift */; };
		5F0D32BC20EE81500065E95A /* Card.swift in Sources */ = {isa = PBXBuildFile; fileRef = 5F0D32BA20EE814C0065E95A /* Card.swift */; };
		5F0D32BD20EE81500065E95A /* SetBrain.swift in Sources */ = {isa = PBXBuildFile; fileRef = 5F0D32BB20EE814F0065E95A /* SetBrain.swift */; };
		5FE8C34220F7AF2700DAB1E4 /* Flyaway.swift in Sources */ = {isa = PBXBuildFile; fileRef = 5FE8C34120F7AF2700DAB1E4 /* Flyaway.swift */; };
/* End PBXBuildFile section */

/* Begin PBXFileReference section */
		5F0D329620EE74E30065E95A /* Animated Set.app */ = {isa = PBXFileReference; explicitFileType = wrapper.application; includeInIndex = 0; path = "Animated Set.app"; sourceTree = BUILT_PRODUCTS_DIR; };
		5F0D329920EE74E30065E95A /* AppDelegate.swift */ = {isa = PBXFileReference; lastKnownFileType = sourcecode.swift; path = AppDelegate.swift; sourceTree = "<group>"; };
		5F0D32A120EE74E30065E95A /* Animated_Set.xcdatamodel */ = {isa = PBXFileReference; lastKnownFileType = wrapper.xcdatamodel; path = Animated_Set.xcdatamodel; sourceTree = "<group>"; };
		5F0D32A320EE75240065E95A /* Assets.xcassets */ = {isa = PBXFileReference; lastKnownFileType = folder.assetcatalog; path = Assets.xcassets; sourceTree = "<group>"; };
		5F0D32A620EE75240065E95A /* Base */ = {isa = PBXFileReference; lastKnownFileType = file.storyboard; name = Base; path = Base.lproj/LaunchScreen.storyboard; sourceTree = "<group>"; };
		5F0D32A820EE75240065E95A /* Info.plist */ = {isa = PBXFileReference; lastKnownFileType = text.plist.xml; path = Info.plist; sourceTree = "<group>"; };
		5F0D32B020EE765F0065E95A /* SetViewController.swift */ = {isa = PBXFileReference; fileEncoding = 4; lastKnownFileType = sourcecode.swift; path = SetViewController.swift; sourceTree = "<group>"; };
		5F0D32B420EE76F80065E95A /* Main.storyboard */ = {isa = PBXFileReference; fileEncoding = 4; lastKnownFileType = file.storyboard; path = Main.storyboard; sourceTree = "<group>"; };
		5F0D32B620EE81440065E95A /* SetCardView.swift */ = {isa = PBXFileReference; lastKnownFileType = sourcecode.swift; path = SetCardView.swift; sourceTree = "<group>"; };
		5F0D32B720EE81440065E95A /* Grid.swift */ = {isa = PBXFileReference; lastKnownFileType = sourcecode.swift; path = Grid.swift; sourceTree = "<group>"; };
		5F0D32BA20EE814C0065E95A /* Card.swift */ = {isa = PBXFileReference; lastKnownFileType = sourcecode.swift; path = Card.swift; sourceTree = "<group>"; };
		5F0D32BB20EE814F0065E95A /* SetBrain.swift */ = {isa = PBXFileReference; lastKnownFileType = sourcecode.swift; path = SetBrain.swift; sourceTree = "<group>"; };
		5FE8C34120F7AF2700DAB1E4 /* Flyaway.swift */ = {isa = PBXFileReference; lastKnownFileType = sourcecode.swift; path = Flyaway.swift; sourceTree = "<group>"; };
/* End PBXFileReference section */

/* Begin PBXFrameworksBuildPhase section */
		5F0D329320EE74E20065E95A /* Frameworks */ = {
			isa = PBXFrameworksBuildPhase;
			buildActionMask = 2147483647;
			files = (
			);
			runOnlyForDeploymentPostprocessing = 0;
		};
/* End PBXFrameworksBuildPhase section */

/* Begin PBXGroup section */
		5F0D328D20EE74E20065E95A = {
			isa = PBXGroup;
			children = (
				5F0D329820EE74E30065E95A /* Animated Set */,
				5F0D329720EE74E30065E95A /* Products */,
			);
			sourceTree = "<group>";
		};
		5F0D329720EE74E30065E95A /* Products */ = {
			isa = PBXGroup;
			children = (
				5F0D329620EE74E30065E95A /* Animated Set.app */,
			);
			name = Products;
			sourceTree = "<group>";
		};
		5F0D329820EE74E30065E95A /* Animated Set */ = {
			isa = PBXGroup;
			children = (
				5F0D32BF20EE816F0065E95A /* View */,
				5F0D32BE20EE815F0065E95A /* Model */,
				5F0D32B020EE765F0065E95A /* SetViewController.swift */,
				5F0D329920EE74E30065E95A /* AppDelegate.swift */,
				5F0D32B420EE76F80065E95A /* Main.storyboard */,
				5F0D32A320EE75240065E95A /* Assets.xcassets */,
				5F0D32A520EE75240065E95A /* LaunchScreen.storyboard */,
				5F0D32A820EE75240065E95A /* Info.plist */,
				5F0D32A020EE74E30065E95A /* Animated_Set.xcdatamodeld */,
			);
			path = "Animated Set";
			sourceTree = "<group>";
		};
		5F0D32BE20EE815F0065E95A /* Model */ = {
			isa = PBXGroup;
			children = (
				5F0D32BA20EE814C0065E95A /* Card.swift */,
				5F0D32BB20EE814F0065E95A /* SetBrain.swift */,
			);
			path = Model;
			sourceTree = "<group>";
		};
		5F0D32BF20EE816F0065E95A /* View */ = {
			isa = PBXGroup;
			children = (
				5F0D32B720EE81440065E95A /* Grid.swift */,
				5F0D32B620EE81440065E95A /* SetCardView.swift */,
				5FE8C34120F7AF2700DAB1E4 /* Flyaway.swift */,
			);
			path = View;
			sourceTree = "<group>";
		};
/* End PBXGroup section */

/* Begin PBXNativeTarget section */
		5F0D329520EE74E20065E95A /* Animated Set */ = {
			isa = PBXNativeTarget;
			buildConfigurationList = 5F0D32AB20EE75250065E95A /* Build configuration list for PBXNativeTarget "Animated Set" */;
			buildPhases = (
				5F0D329220EE74E20065E95A /* Sources */,
				5F0D329320EE74E20065E95A /* Frameworks */,
				5F0D329420EE74E20065E95A /* Resources */,
			);
			buildRules = (
			);
			dependencies = (
			);
			name = "Animated Set";
			productName = "Animated Set";
			productReference = 5F0D329620EE74E30065E95A /* Animated Set.app */;
			productType = "com.apple.product-type.application";
		};
/* End PBXNativeTarget section */

/* Begin PBXProject section */
		5F0D328E20EE74E20065E95A /* Project object */ = {
			isa = PBXProject;
			attributes = {
				LastSwiftUpdateCheck = 0930;
				LastUpgradeCheck = 0930;
				ORGANIZATIONNAME = "Ahmed Ramy";
				TargetAttributes = {
					5F0D329520EE74E20065E95A = {
						CreatedOnToolsVersion = 9.3;
					};
				};
			};
			buildConfigurationList = 5F0D329120EE74E20065E95A /* Build configuration list for PBXProject "Animated Set" */;
			compatibilityVersion = "Xcode 9.3";
			developmentRegion = en;
			hasScannedForEncodings = 0;
			knownRegions = (
				en,
				Base,
			);
			mainGroup = 5F0D328D20EE74E20065E95A;
			productRefGroup = 5F0D329720EE74E30065E95A /* Products */;
			projectDirPath = "";
			projectRoot = "";
			targets = (
				5F0D329520EE74E20065E95A /* Animated Set */,
			);
		};
/* End PBXProject section */

/* Begin PBXResourcesBuildPhase section */
		5F0D329420EE74E20065E95A /* Resources */ = {
			isa = PBXResourcesBuildPhase;
			buildActionMask = 2147483647;
			files = (
				5F0D32A720EE75240065E95A /* LaunchScreen.storyboard in Resources */,
				5F0D32A420EE75240065E95A /* Assets.xcassets in Resources */,
				5F0D32B520EE76F80065E95A /* Main.storyboard in Resources */,
			);
			runOnlyForDeploymentPostprocessing = 0;
		};
/* End PBXResourcesBuildPhase section */

/* Begin PBXSourcesBuildPhase section */
		5F0D329220EE74E20065E95A /* Sources */ = {
			isa = PBXSourcesBuildPhase;
			buildActionMask = 2147483647;
			files = (
				5F0D32BD20EE81500065E95A /* SetBrain.swift in Sources */,
				5F0D32A220EE74E30065E95A /* Animated_Set.xcdatamodeld in Sources */,
				5F0D32BC20EE81500065E95A /* Card.swift in Sources */,
				5F0D32B820EE81440065E95A /* SetCardView.swift in Sources */,
				5F0D32B320EE765F0065E95A /* SetViewController.swift in Sources */,
				5FE8C34220F7AF2700DAB1E4 /* Flyaway.swift in Sources */,
				5F0D32B920EE81440065E95A /* Grid.swift in Sources */,
				5F0D329A20EE74E30065E95A /* AppDelegate.swift in Sources */,
			);
			runOnlyForDeploymentPostprocessing = 0;
		};
/* End PBXSourcesBuildPhase section */

/* Begin PBXVariantGroup section */
		5F0D32A520EE75240065E95A /* LaunchScreen.storyboard */ = {
			isa = PBXVariantGroup;
			children = (
				5F0D32A620EE75240065E95A /* Base */,
			);
			name = LaunchScreen.storyboard;
			sourceTree = "<group>";
		};
/* End PBXVariantGroup section */

/* Begin XCBuildConfiguration section */
		5F0D32A920EE75240065E95A /* Debug */ = {
			isa = XCBuildConfiguration;
			buildSettings = {
				ALWAYS_SEARCH_USER_PATHS = NO;
				CLANG_ANALYZER_NONNULL = YES;
				CLANG_ANALYZER_NUMBER_OBJECT_CONVERSION = YES_AGGRESSIVE;
				CLANG_CXX_LANGUAGE_STANDARD = "gnu++14";
				CLANG_CXX_LIBRARY = "libc++";
				CLANG_ENABLE_MODULES = YES;
				CLANG_ENABLE_OBJC_ARC = YES;
				CLANG_ENABLE_OBJC_WEAK = YES;
				CLANG_WARN_BLOCK_CAPTURE_AUTORELEASING = YES;
				CLANG_WARN_BOOL_CONVERSION = YES;
				CLANG_WARN_COMMA = YES;
				CLANG_WARN_CONSTANT_CONVERSION = YES;
				CLANG_WARN_DEPRECATED_OBJC_IMPLEMENTATIONS = YES;
				CLANG_WARN_DIRECT_OBJC_ISA_USAGE = YES_ERROR;
				CLANG_WARN_DOCUMENTATION_COMMENTS = YES;
				CLANG_WARN_EMPTY_BODY = YES;
				CLANG_WARN_ENUM_CONVERSION = YES;
				CLANG_WARN_INFINITE_RECURSION = YES;
				CLANG_WARN_INT_CONVERSION = YES;
				CLANG_WARN_NON_LITERAL_NULL_CONVERSION = YES;
				CLANG_WARN_OBJC_IMPLICIT_RETAIN_SELF = YES;
				CLANG_WARN_OBJC_LITERAL_CONVERSION = YES;
				CLANG_WARN_OBJC_ROOT_CLASS = YES_ERROR;
				CLANG_WARN_RANGE_LOOP_ANALYSIS = YES;
				CLANG_WARN_STRICT_PROTOTYPES = YES;
				CLANG_WARN_SUSPICIOUS_MOVE = YES;
				CLANG_WARN_UNGUARDED_AVAILABILITY = YES_AGGRESSIVE;
				CLANG_WARN_UNREACHABLE_CODE = YES;
				CLANG_WARN__DUPLICATE_METHOD_MATCH = YES;
				CODE_SIGN_IDENTITY = "iPhone Developer";
				COPY_PHASE_STRIP = NO;
				DEBUG_INFORMATION_FORMAT = dwarf;
				ENABLE_STRICT_OBJC_MSGSEND = YES;
				ENABLE_TESTABILITY = YES;
				GCC_C_LANGUAGE_STANDARD = gnu11;
				GCC_DYNAMIC_NO_PIC = NO;
				GCC_NO_COMMON_BLOCKS = YES;
				GCC_OPTIMIZATION_LEVEL = 0;
				GCC_PREPROCESSOR_DEFINITIONS = (
					"DEBUG=1",
					"$(inherited)",
				);
				GCC_WARN_64_TO_32_BIT_CONVERSION = YES;
				GCC_WARN_ABOUT_RETURN_TYPE = YES_ERROR;
				GCC_WARN_UNDECLARED_SELECTOR = YES;
				GCC_WARN_UNINITIALIZED_AUTOS = YES_AGGRESSIVE;
				GCC_WARN_UNUSED_FUNCTION = YES;
				GCC_WARN_UNUSED_VARIABLE = YES;
				IPHONEOS_DEPLOYMENT_TARGET = 11.3;
				MTL_ENABLE_DEBUG_INFO = YES;
				ONLY_ACTIVE_ARCH = YES;
				SDKROOT = iphoneos;
				SWIFT_ACTIVE_COMPILATION_CONDITIONS = DEBUG;
				SWIFT_OPTIMIZATION_LEVEL = "-Onone";
			};
			name = Debug;
		};
		5F0D32AA20EE75240065E95A /* Release */ = {
			isa = XCBuildConfiguration;
			buildSettings = {
				ALWAYS_SEARCH_USER_PATHS = NO;
				CLANG_ANALYZER_NONNULL = YES;
				CLANG_ANALYZER_NUMBER_OBJECT_CONVERSION = YES_AGGRESSIVE;
				CLANG_CXX_LANGUAGE_STANDARD = "gnu++14";
				CLANG_CXX_LIBRARY = "libc++";
				CLANG_ENABLE_MODULES = YES;
				CLANG_ENABLE_OBJC_ARC = YES;
				CLANG_ENABLE_OBJC_WEAK = YES;
				CLANG_WARN_BLOCK_CAPTURE_AUTORELEASING = YES;
				CLANG_WARN_BOOL_CONVERSION = YES;
				CLANG_WARN_COMMA = YES;
				CLANG_WARN_CONSTANT_CONVERSION = YES;
				CLANG_WARN_DEPRECATED_OBJC_IMPLEMENTATIONS = YES;
				CLANG_WARN_DIRECT_OBJC_ISA_USAGE = YES_ERROR;
				CLANG_WARN_DOCUMENTATION_COMMENTS = YES;
				CLANG_WARN_EMPTY_BODY = YES;
				CLANG_WARN_ENUM_CONVERSION = YES;
				CLANG_WARN_INFINITE_RECURSION = YES;
				CLANG_WARN_INT_CONVERSION = YES;
				CLANG_WARN_NON_LITERAL_NULL_CONVERSION = YES;
				CLANG_WARN_OBJC_IMPLICIT_RETAIN_SELF = YES;
				CLANG_WARN_OBJC_LITERAL_CONVERSION = YES;
				CLANG_WARN_OBJC_ROOT_CLASS = YES_ERROR;
				CLANG_WARN_RANGE_LOOP_ANALYSIS = YES;
				CLANG_WARN_STRICT_PROTOTYPES = YES;
				CLANG_WARN_SUSPICIOUS_MOVE = YES;
				CLANG_WARN_UNGUARDED_AVAILABILITY = YES_AGGRESSIVE;
				CLANG_WARN_UNREACHABLE_CODE = YES;
				CLANG_WARN__DUPLICATE_METHOD_MATCH = YES;
				CODE_SIGN_IDENTITY = "iPhone Developer";
				COPY_PHASE_STRIP = NO;
				DEBUG_INFORMATION_FORMAT = "dwarf-with-dsym";
				ENABLE_NS_ASSERTIONS = NO;
				ENABLE_STRICT_OBJC_MSGSEND = YES;
				GCC_C_LANGUAGE_STANDARD = gnu11;
				GCC_NO_COMMON_BLOCKS = YES;
				GCC_WARN_64_TO_32_BIT_CONVERSION = YES;
				GCC_WARN_ABOUT_RETURN_TYPE = YES_ERROR;
				GCC_WARN_UNDECLARED_SELECTOR = YES;
				GCC_WARN_UNINITIALIZED_AUTOS = YES_AGGRESSIVE;
				GCC_WARN_UNUSED_FUNCTION = YES;
				GCC_WARN_UNUSED_VARIABLE = YES;
				IPHONEOS_DEPLOYMENT_TARGET = 11.3;
				MTL_ENABLE_DEBUG_INFO = NO;
				SDKROOT = iphoneos;
				SWIFT_COMPILATION_MODE = wholemodule;
				SWIFT_OPTIMIZATION_LEVEL = "-O";
				VALIDATE_PRODUCT = YES;
			};
			name = Release;
		};
		5F0D32AC20EE75250065E95A /* Debug */ = {
			isa = XCBuildConfiguration;
			buildSettings = {
				ASSETCATALOG_COMPILER_APPICON_NAME = AppIcon;
				CODE_SIGN_STYLE = Automatic;
				DEVELOPMENT_TEAM = 969Y6REAB6;
				INFOPLIST_FILE = "Animated Set/Info.plist";
				LD_RUNPATH_SEARCH_PATHS = (
					"$(inherited)",
					"@executable_path/Frameworks",
				);
				PRODUCT_BUNDLE_IDENTIFIER = "ShaDiLiX.Animated-Set";
				PRODUCT_NAME = "$(TARGET_NAME)";
				SWIFT_VERSION = 4.0;
				TARGETED_DEVICE_FAMILY = "1,2";
			};
			name = Debug;
		};
		5F0D32AD20EE75250065E95A /* Release */ = {
			isa = XCBuildConfiguration;
			buildSettings = {
				ASSETCATALOG_COMPILER_APPICON_NAME = AppIcon;
				CODE_SIGN_STYLE = Automatic;
				DEVELOPMENT_TEAM = 969Y6REAB6;
				INFOPLIST_FILE = "Animated Set/Info.plist";
				LD_RUNPATH_SEARCH_PATHS = (
					"$(inherited)",
					"@executable_path/Frameworks",
				);
				PRODUCT_BUNDLE_IDENTIFIER = "ShaDiLiX.Animated-Set";
				PRODUCT_NAME = "$(TARGET_NAME)";
				SWIFT_VERSION = 4.0;
				TARGETED_DEVICE_FAMILY = "1,2";
			};
			name = Release;
		};
/* End XCBuildConfiguration section */

/* Begin XCConfigurationList section */
		5F0D329120EE74E20065E95A /* Build configuration list for PBXProject "Animated Set" */ = {
			isa = XCConfigurationList;
			buildConfigurations = (
				5F0D32A920EE75240065E95A /* Debug */,
				5F0D32AA20EE75240065E95A /* Release */,
			);
			defaultConfigurationIsVisible = 0;
			defaultConfigurationName = Release;
		};
		5F0D32AB20EE75250065E95A /* Build configuration list for PBXNativeTarget "Animated Set" */ = {
			isa = XCConfigurationList;
			buildConfigurations = (
				5F0D32AC20EE75250065E95A /* Debug */,
				5F0D32AD20EE75250065E95A /* Release */,
			);
			defaultConfigurationIsVisible = 0;
			defaultConfigurationName = Release;
		};
/* End XCConfigurationList section */

/* Begin XCVersionGroup section */
		5F0D32A020EE74E30065E95A /* Animated_Set.xcdatamodeld */ = {
			isa = XCVersionGroup;
			children = (
				5F0D32A120EE74E30065E95A /* Animated_Set.xcdatamodel */,
			);
			currentVersion = 5F0D32A120EE74E30065E95A /* Animated_Set.xcdatamodel */;
			path = Animated_Set.xcdatamodeld;
			sourceTree = "<group>";
			versionGroupType = wrapper.xcdatamodel;
		};
/* End XCVersionGroup section */
	};
	rootObject = 5F0D328E20EE74E20065E95A /* Project object */;
}
