// !$*UTF8*$!
{
	archiveVersion = 1;
	classes = {
	};
	objectVersion = 50;
	objects = {

/* Begin PBXBuildFile section */
		5F6F7B2421024EF30016FB3B /* AppDelegate.swift in Sources */ = {isa = PBXBuildFile; fileRef = 5F6F7B2321024EF30016FB3B /* AppDelegate.swift */; };
		5F6F7B2621024EF30016FB3B /* ImageArtViewController.swift in Sources */ = {isa = PBXBuildFile; fileRef = 5F6F7B2521024EF30016FB3B /* ImageArtViewController.swift */; };
		5F6F7B2921024EF30016FB3B /* Main.storyboard in Resources */ = {isa = PBXBuildFile; fileRef = 5F6F7B2721024EF30016FB3B /* Main.storyboard */; };
		5F6F7B2C21024EF30016FB3B /* ImageGallery.xcdatamodeld in Sources */ = {isa = PBXBuildFile; fileRef = 5F6F7B2A21024EF30016FB3B /* ImageGallery.xcdatamodeld */; };
		5F6F7B2E21024EF80016FB3B /* Assets.xcassets in Resources */ = {isa = PBXBuildFile; fileRef = 5F6F7B2D21024EF80016FB3B /* Assets.xcassets */; };
		5F6F7B3121024EF80016FB3B /* LaunchScreen.storyboard in Resources */ = {isa = PBXBuildFile; fileRef = 5F6F7B2F21024EF80016FB3B /* LaunchScreen.storyboard */; };
		5F6F7B39210250960016FB3B /* ImageArtView.swift in Sources */ = {isa = PBXBuildFile; fileRef = 5F6F7B38210250960016FB3B /* ImageArtView.swift */; };
		5F6F7B3B2102552C0016FB3B /* Utilities.swift in Sources */ = {isa = PBXBuildFile; fileRef = 5F6F7B3A2102552C0016FB3B /* Utilities.swift */; };
		5F6F7B3D21025C1A0016FB3B /* ImageArtDocumentTableViewController.swift in Sources */ = {isa = PBXBuildFile; fileRef = 5F6F7B3C21025C1A0016FB3B /* ImageArtDocumentTableViewController.swift */; };
		5FF3618C21036D9D00CA4AB7 /* Settings.swift in Sources */ = {isa = PBXBuildFile; fileRef = 5FF3618B21036D9D00CA4AB7 /* Settings.swift */; };
		5FF36191210381DB00CA4AB7 /* EmojiArtView+Gestures.swift in Sources */ = {isa = PBXBuildFile; fileRef = 5FF36190210381DB00CA4AB7 /* EmojiArtView+Gestures.swift */; };
		5FF36198210392C800CA4AB7 /* GalleryCollectionViewController.swift in Sources */ = {isa = PBXBuildFile; fileRef = 5FF36197210392C800CA4AB7 /* GalleryCollectionViewController.swift */; };
		5FF3619F2103D41B00CA4AB7 /* GalleryCollectionViewCell.swift in Sources */ = {isa = PBXBuildFile; fileRef = 5FF3619D2103D41A00CA4AB7 /* GalleryCollectionViewCell.swift */; };
		5FF361A02103D41B00CA4AB7 /* GalleryCollectionViewCell.xib in Resources */ = {isa = PBXBuildFile; fileRef = 5FF3619E2103D41A00CA4AB7 /* GalleryCollectionViewCell.xib */; };
/* End PBXBuildFile section */

/* Begin PBXFileReference section */
		5F6F7B2021024EF30016FB3B /* ImageGallery.app */ = {isa = PBXFileReference; explicitFileType = wrapper.application; includeInIndex = 0; path = ImageGallery.app; sourceTree = BUILT_PRODUCTS_DIR; };
		5F6F7B2321024EF30016FB3B /* AppDelegate.swift */ = {isa = PBXFileReference; lastKnownFileType = sourcecode.swift; path = AppDelegate.swift; sourceTree = "<group>"; };
		5F6F7B2521024EF30016FB3B /* ImageArtViewController.swift */ = {isa = PBXFileReference; lastKnownFileType = sourcecode.swift; path = ImageArtViewController.swift; sourceTree = "<group>"; };
		5F6F7B2821024EF30016FB3B /* Base */ = {isa = PBXFileReference; lastKnownFileType = file.storyboard; name = Base; path = Base.lproj/Main.storyboard; sourceTree = "<group>"; };
		5F6F7B2B21024EF30016FB3B /* ImageGallery.xcdatamodel */ = {isa = PBXFileReference; lastKnownFileType = wrapper.xcdatamodel; path = ImageGallery.xcdatamodel; sourceTree = "<group>"; };
		5F6F7B2D21024EF80016FB3B /* Assets.xcassets */ = {isa = PBXFileReference; lastKnownFileType = folder.assetcatalog; path = Assets.xcassets; sourceTree = "<group>"; };
		5F6F7B3021024EF80016FB3B /* Base */ = {isa = PBXFileReference; lastKnownFileType = file.storyboard; name = Base; path = Base.lproj/LaunchScreen.storyboard; sourceTree = "<group>"; };
		5F6F7B3221024EF80016FB3B /* Info.plist */ = {isa = PBXFileReference; lastKnownFileType = text.plist.xml; path = Info.plist; sourceTree = "<group>"; };
		5F6F7B38210250960016FB3B /* ImageArtView.swift */ = {isa = PBXFileReference; lastKnownFileType = sourcecode.swift; path = ImageArtView.swift; sourceTree = "<group>"; };
		5F6F7B3A2102552C0016FB3B /* Utilities.swift */ = {isa = PBXFileReference; fileEncoding = 4; lastKnownFileType = sourcecode.swift; path = Utilities.swift; sourceTree = "<group>"; };
		5F6F7B3C21025C1A0016FB3B /* ImageArtDocumentTableViewController.swift */ = {isa = PBXFileReference; lastKnownFileType = sourcecode.swift; path = ImageArtDocumentTableViewController.swift; sourceTree = "<group>"; };
		5FF3618B21036D9D00CA4AB7 /* Settings.swift */ = {isa = PBXFileReference; lastKnownFileType = sourcecode.swift; path = Settings.swift; sourceTree = "<group>"; };
		5FF36190210381DB00CA4AB7 /* EmojiArtView+Gestures.swift */ = {isa = PBXFileReference; fileEncoding = 4; lastKnownFileType = sourcecode.swift; path = "EmojiArtView+Gestures.swift"; sourceTree = "<group>"; };
		5FF36197210392C800CA4AB7 /* GalleryCollectionViewController.swift */ = {isa = PBXFileReference; lastKnownFileType = sourcecode.swift; path = GalleryCollectionViewController.swift; sourceTree = "<group>"; };
		5FF3619D2103D41A00CA4AB7 /* GalleryCollectionViewCell.swift */ = {isa = PBXFileReference; lastKnownFileType = sourcecode.swift; path = GalleryCollectionViewCell.swift; sourceTree = "<group>"; };
		5FF3619E2103D41A00CA4AB7 /* GalleryCollectionViewCell.xib */ = {isa = PBXFileReference; lastKnownFileType = file.xib; path = GalleryCollectionViewCell.xib; sourceTree = "<group>"; };
/* End PBXFileReference section */

/* Begin PBXFrameworksBuildPhase section */
		5F6F7B1D21024EF30016FB3B /* Frameworks */ = {
			isa = PBXFrameworksBuildPhase;
			buildActionMask = 2147483647;
			files = (
			);
			runOnlyForDeploymentPostprocessing = 0;
		};
/* End PBXFrameworksBuildPhase section */

/* Begin PBXGroup section */
		5F6F7B1721024EF30016FB3B = {
			isa = PBXGroup;
			children = (
				5F6F7B2221024EF30016FB3B /* ImageGallery */,
				5F6F7B2121024EF30016FB3B /* Products */,
			);
			sourceTree = "<group>";
		};
		5F6F7B2121024EF30016FB3B /* Products */ = {
			isa = PBXGroup;
			children = (
				5F6F7B2021024EF30016FB3B /* ImageGallery.app */,
			);
			name = Products;
			sourceTree = "<group>";
		};
		5F6F7B2221024EF30016FB3B /* ImageGallery */ = {
			isa = PBXGroup;
			children = (
				5FF3618B21036D9D00CA4AB7 /* Settings.swift */,
				5FF361962103925C00CA4AB7 /* Controller */,
				5FF361952103924B00CA4AB7 /* View */,
				5F6F7B2721024EF30016FB3B /* Main.storyboard */,
				5F6F7B2D21024EF80016FB3B /* Assets.xcassets */,
				5F6F7B3221024EF80016FB3B /* Info.plist */,
				5F6F7B2A21024EF30016FB3B /* ImageGallery.xcdatamodeld */,
				5FF361942103922B00CA4AB7 /* Supporting Files */,
			);
			path = ImageGallery;
			sourceTree = "<group>";
		};
		5FF361942103922B00CA4AB7 /* Supporting Files */ = {
			isa = PBXGroup;
			children = (
				5F6F7B2321024EF30016FB3B /* AppDelegate.swift */,
				5F6F7B2F21024EF80016FB3B /* LaunchScreen.storyboard */,
				5F6F7B3A2102552C0016FB3B /* Utilities.swift */,
				5FF36190210381DB00CA4AB7 /* EmojiArtView+Gestures.swift */,
			);
			path = "Supporting Files";
			sourceTree = "<group>";
		};
		5FF361952103924B00CA4AB7 /* View */ = {
			isa = PBXGroup;
			children = (
				5F6F7B38210250960016FB3B /* ImageArtView.swift */,
			);
			path = View;
			sourceTree = "<group>";
		};
		5FF361962103925C00CA4AB7 /* Controller */ = {
			isa = PBXGroup;
			children = (
				5F6F7B2521024EF30016FB3B /* ImageArtViewController.swift */,
				5F6F7B3C21025C1A0016FB3B /* ImageArtDocumentTableViewController.swift */,
				5FF36197210392C800CA4AB7 /* GalleryCollectionViewController.swift */,
				5FF3619D2103D41A00CA4AB7 /* GalleryCollectionViewCell.swift */,
				5FF3619E2103D41A00CA4AB7 /* GalleryCollectionViewCell.xib */,
			);
			path = Controller;
			sourceTree = "<group>";
		};
/* End PBXGroup section */

/* Begin PBXNativeTarget section */
		5F6F7B1F21024EF30016FB3B /* ImageGallery */ = {
			isa = PBXNativeTarget;
			buildConfigurationList = 5F6F7B3521024EF80016FB3B /* Build configuration list for PBXNativeTarget "ImageGallery" */;
			buildPhases = (
				5F6F7B1C21024EF30016FB3B /* Sources */,
				5F6F7B1D21024EF30016FB3B /* Frameworks */,
				5F6F7B1E21024EF30016FB3B /* Resources */,
			);
			buildRules = (
			);
			dependencies = (
			);
			name = ImageGallery;
			productName = ImageGallery;
			productReference = 5F6F7B2021024EF30016FB3B /* ImageGallery.app */;
			productType = "com.apple.product-type.application";
		};
/* End PBXNativeTarget section */

/* Begin PBXProject section */
		5F6F7B1821024EF30016FB3B /* Project object */ = {
			isa = PBXProject;
			attributes = {
				LastSwiftUpdateCheck = 0930;
				LastUpgradeCheck = 0930;
				ORGANIZATIONNAME = "Ahmed Ramy";
				TargetAttributes = {
					5F6F7B1F21024EF30016FB3B = {
						CreatedOnToolsVersion = 9.3;
					};
				};
			};
			buildConfigurationList = 5F6F7B1B21024EF30016FB3B /* Build configuration list for PBXProject "ImageGallery" */;
			compatibilityVersion = "Xcode 9.3";
			developmentRegion = en;
			hasScannedForEncodings = 0;
			knownRegions = (
				en,
				Base,
			);
			mainGroup = 5F6F7B1721024EF30016FB3B;
			productRefGroup = 5F6F7B2121024EF30016FB3B /* Products */;
			projectDirPath = "";
			projectRoot = "";
			targets = (
				5F6F7B1F21024EF30016FB3B /* ImageGallery */,
			);
		};
/* End PBXProject section */

/* Begin PBXResourcesBuildPhase section */
		5F6F7B1E21024EF30016FB3B /* Resources */ = {
			isa = PBXResourcesBuildPhase;
			buildActionMask = 2147483647;
			files = (
				5F6F7B3121024EF80016FB3B /* LaunchScreen.storyboard in Resources */,
				5FF361A02103D41B00CA4AB7 /* GalleryCollectionViewCell.xib in Resources */,
				5F6F7B2E21024EF80016FB3B /* Assets.xcassets in Resources */,
				5F6F7B2921024EF30016FB3B /* Main.storyboard in Resources */,
			);
			runOnlyForDeploymentPostprocessing = 0;
		};
/* End PBXResourcesBuildPhase section */

/* Begin PBXSourcesBuildPhase section */
		5F6F7B1C21024EF30016FB3B /* Sources */ = {
			isa = PBXSourcesBuildPhase;
			buildActionMask = 2147483647;
			files = (
				5F6F7B2621024EF30016FB3B /* ImageArtViewController.swift in Sources */,
				5FF3619F2103D41B00CA4AB7 /* GalleryCollectionViewCell.swift in Sources */,
				5FF36191210381DB00CA4AB7 /* EmojiArtView+Gestures.swift in Sources */,
				5F6F7B2421024EF30016FB3B /* AppDelegate.swift in Sources */,
				5F6F7B39210250960016FB3B /* ImageArtView.swift in Sources */,
				5F6F7B3B2102552C0016FB3B /* Utilities.swift in Sources */,
				5FF3618C21036D9D00CA4AB7 /* Settings.swift in Sources */,
				5F6F7B3D21025C1A0016FB3B /* ImageArtDocumentTableViewController.swift in Sources */,
				5FF36198210392C800CA4AB7 /* GalleryCollectionViewController.swift in Sources */,
				5F6F7B2C21024EF30016FB3B /* ImageGallery.xcdatamodeld in Sources */,
			);
			runOnlyForDeploymentPostprocessing = 0;
		};
/* End PBXSourcesBuildPhase section */

/* Begin PBXVariantGroup section */
		5F6F7B2721024EF30016FB3B /* Main.storyboard */ = {
			isa = PBXVariantGroup;
			children = (
				5F6F7B2821024EF30016FB3B /* Base */,
			);
			name = Main.storyboard;
			sourceTree = "<group>";
		};
		5F6F7B2F21024EF80016FB3B /* LaunchScreen.storyboard */ = {
			isa = PBXVariantGroup;
			children = (
				5F6F7B3021024EF80016FB3B /* Base */,
			);
			name = LaunchScreen.storyboard;
			sourceTree = "<group>";
		};
/* End PBXVariantGroup section */

/* Begin XCBuildConfiguration section */
		5F6F7B3321024EF80016FB3B /* Debug */ = {
			isa = XCBuildConfiguration;
			buildSettings = {
				ALWAYS_SEARCH_USER_PATHS = NO;
				CLANG_ANALYZER_NONNULL = YES;
				CLANG_ANALYZER_NUMBER_OBJECT_CONVERSION = YES_AGGRESSIVE;
				CLANG_CXX_LANGUAGE_STANDARD = "gnu++14";
				CLANG_CXX_LIBRARY = "libc++";
				CLANG_ENABLE_MODULES = YES;
				CLANG_ENABLE_OBJC_ARC = YES;
				CLANG_ENABLE_OBJC_WEAK = YES;
				CLANG_WARN_BLOCK_CAPTURE_AUTORELEASING = YES;
				CLANG_WARN_BOOL_CONVERSION = YES;
				CLANG_WARN_COMMA = YES;
				CLANG_WARN_CONSTANT_CONVERSION = YES;
				CLANG_WARN_DEPRECATED_OBJC_IMPLEMENTATIONS = YES;
				CLANG_WARN_DIRECT_OBJC_ISA_USAGE = YES_ERROR;
				CLANG_WARN_DOCUMENTATION_COMMENTS = YES;
				CLANG_WARN_EMPTY_BODY = YES;
				CLANG_WARN_ENUM_CONVERSION = YES;
				CLANG_WARN_INFINITE_RECURSION = YES;
				CLANG_WARN_INT_CONVERSION = YES;
				CLANG_WARN_NON_LITERAL_NULL_CONVERSION = YES;
				CLANG_WARN_OBJC_IMPLICIT_RETAIN_SELF = YES;
				CLANG_WARN_OBJC_LITERAL_CONVERSION = YES;
				CLANG_WARN_OBJC_ROOT_CLASS = YES_ERROR;
				CLANG_WARN_RANGE_LOOP_ANALYSIS = YES;
				CLANG_WARN_STRICT_PROTOTYPES = YES;
				CLANG_WARN_SUSPICIOUS_MOVE = YES;
				CLANG_WARN_UNGUARDED_AVAILABILITY = YES_AGGRESSIVE;
				CLANG_WARN_UNREACHABLE_CODE = YES;
				CLANG_WARN__DUPLICATE_METHOD_MATCH = YES;
				CODE_SIGN_IDENTITY = "iPhone Developer";
				COPY_PHASE_STRIP = NO;
				DEBUG_INFORMATION_FORMAT = dwarf;
				ENABLE_STRICT_OBJC_MSGSEND = YES;
				ENABLE_TESTABILITY = YES;
				GCC_C_LANGUAGE_STANDARD = gnu11;
				GCC_DYNAMIC_NO_PIC = NO;
				GCC_NO_COMMON_BLOCKS = YES;
				GCC_OPTIMIZATION_LEVEL = 0;
				GCC_PREPROCESSOR_DEFINITIONS = (
					"DEBUG=1",
					"$(inherited)",
				);
				GCC_WARN_64_TO_32_BIT_CONVERSION = YES;
				GCC_WARN_ABOUT_RETURN_TYPE = YES_ERROR;
				GCC_WARN_UNDECLARED_SELECTOR = YES;
				GCC_WARN_UNINITIALIZED_AUTOS = YES_AGGRESSIVE;
				GCC_WARN_UNUSED_FUNCTION = YES;
				GCC_WARN_UNUSED_VARIABLE = YES;
				IPHONEOS_DEPLOYMENT_TARGET = 11.3;
				MTL_ENABLE_DEBUG_INFO = YES;
				ONLY_ACTIVE_ARCH = YES;
				SDKROOT = iphoneos;
				SWIFT_ACTIVE_COMPILATION_CONDITIONS = DEBUG;
				SWIFT_OPTIMIZATION_LEVEL = "-Onone";
			};
			name = Debug;
		};
		5F6F7B3421024EF80016FB3B /* Release */ = {
			isa = XCBuildConfiguration;
			buildSettings = {
				ALWAYS_SEARCH_USER_PATHS = NO;
				CLANG_ANALYZER_NONNULL = YES;
				CLANG_ANALYZER_NUMBER_OBJECT_CONVERSION = YES_AGGRESSIVE;
				CLANG_CXX_LANGUAGE_STANDARD = "gnu++14";
				CLANG_CXX_LIBRARY = "libc++";
				CLANG_ENABLE_MODULES = YES;
				CLANG_ENABLE_OBJC_ARC = YES;
				CLANG_ENABLE_OBJC_WEAK = YES;
				CLANG_WARN_BLOCK_CAPTURE_AUTORELEASING = YES;
				CLANG_WARN_BOOL_CONVERSION = YES;
				CLANG_WARN_COMMA = YES;
				CLANG_WARN_CONSTANT_CONVERSION = YES;
				CLANG_WARN_DEPRECATED_OBJC_IMPLEMENTATIONS = YES;
				CLANG_WARN_DIRECT_OBJC_ISA_USAGE = YES_ERROR;
				CLANG_WARN_DOCUMENTATION_COMMENTS = YES;
				CLANG_WARN_EMPTY_BODY = YES;
				CLANG_WARN_ENUM_CONVERSION = YES;
				CLANG_WARN_INFINITE_RECURSION = YES;
				CLANG_WARN_INT_CONVERSION = YES;
				CLANG_WARN_NON_LITERAL_NULL_CONVERSION = YES;
				CLANG_WARN_OBJC_IMPLICIT_RETAIN_SELF = YES;
				CLANG_WARN_OBJC_LITERAL_CONVERSION = YES;
				CLANG_WARN_OBJC_ROOT_CLASS = YES_ERROR;
				CLANG_WARN_RANGE_LOOP_ANALYSIS = YES;
				CLANG_WARN_STRICT_PROTOTYPES = YES;
				CLANG_WARN_SUSPICIOUS_MOVE = YES;
				CLANG_WARN_UNGUARDED_AVAILABILITY = YES_AGGRESSIVE;
				CLANG_WARN_UNREACHABLE_CODE = YES;
				CLANG_WARN__DUPLICATE_METHOD_MATCH = YES;
				CODE_SIGN_IDENTITY = "iPhone Developer";
				COPY_PHASE_STRIP = NO;
				DEBUG_INFORMATION_FORMAT = "dwarf-with-dsym";
				ENABLE_NS_ASSERTIONS = NO;
				ENABLE_STRICT_OBJC_MSGSEND = YES;
				GCC_C_LANGUAGE_STANDARD = gnu11;
				GCC_NO_COMMON_BLOCKS = YES;
				GCC_WARN_64_TO_32_BIT_CONVERSION = YES;
				GCC_WARN_ABOUT_RETURN_TYPE = YES_ERROR;
				GCC_WARN_UNDECLARED_SELECTOR = YES;
				GCC_WARN_UNINITIALIZED_AUTOS = YES_AGGRESSIVE;
				GCC_WARN_UNUSED_FUNCTION = YES;
				GCC_WARN_UNUSED_VARIABLE = YES;
				IPHONEOS_DEPLOYMENT_TARGET = 11.3;
				MTL_ENABLE_DEBUG_INFO = NO;
				SDKROOT = iphoneos;
				SWIFT_COMPILATION_MODE = wholemodule;
				SWIFT_OPTIMIZATION_LEVEL = "-O";
				VALIDATE_PRODUCT = YES;
			};
			name = Release;
		};
		5F6F7B3621024EF80016FB3B /* Debug */ = {
			isa = XCBuildConfiguration;
			buildSettings = {
				ASSETCATALOG_COMPILER_APPICON_NAME = AppIcon;
				CODE_SIGN_STYLE = Automatic;
				DEVELOPMENT_TEAM = 969Y6REAB6;
				INFOPLIST_FILE = ImageGallery/Info.plist;
				LD_RUNPATH_SEARCH_PATHS = (
					"$(inherited)",
					"@executable_path/Frameworks",
				);
				PRODUCT_BUNDLE_IDENTIFIER = ShaDiLiX.ImageGallery;
				PRODUCT_NAME = "$(TARGET_NAME)";
				SWIFT_VERSION = 4.0;
				TARGETED_DEVICE_FAMILY = 2;
			};
			name = Debug;
		};
		5F6F7B3721024EF80016FB3B /* Release */ = {
			isa = XCBuildConfiguration;
			buildSettings = {
				ASSETCATALOG_COMPILER_APPICON_NAME = AppIcon;
				CODE_SIGN_STYLE = Automatic;
				DEVELOPMENT_TEAM = 969Y6REAB6;
				INFOPLIST_FILE = ImageGallery/Info.plist;
				LD_RUNPATH_SEARCH_PATHS = (
					"$(inherited)",
					"@executable_path/Frameworks",
				);
				PRODUCT_BUNDLE_IDENTIFIER = ShaDiLiX.ImageGallery;
				PRODUCT_NAME = "$(TARGET_NAME)";
				SWIFT_VERSION = 4.0;
				TARGETED_DEVICE_FAMILY = 2;
			};
			name = Release;
		};
/* End XCBuildConfiguration section */

/* Begin XCConfigurationList section */
		5F6F7B1B21024EF30016FB3B /* Build configuration list for PBXProject "ImageGallery" */ = {
			isa = XCConfigurationList;
			buildConfigurations = (
				5F6F7B3321024EF80016FB3B /* Debug */,
				5F6F7B3421024EF80016FB3B /* Release */,
			);
			defaultConfigurationIsVisible = 0;
			defaultConfigurationName = Release;
		};
		5F6F7B3521024EF80016FB3B /* Build configuration list for PBXNativeTarget "ImageGallery" */ = {
			isa = XCConfigurationList;
			buildConfigurations = (
				5F6F7B3621024EF80016FB3B /* Debug */,
				5F6F7B3721024EF80016FB3B /* Release */,
			);
			defaultConfigurationIsVisible = 0;
			defaultConfigurationName = Release;
		};
/* End XCConfigurationList section */

/* Begin XCVersionGroup section */
		5F6F7B2A21024EF30016FB3B /* ImageGallery.xcdatamodeld */ = {
			isa = XCVersionGroup;
			children = (
				5F6F7B2B21024EF30016FB3B /* ImageGallery.xcdatamodel */,
			);
			currentVersion = 5F6F7B2B21024EF30016FB3B /* ImageGallery.xcdatamodel */;
			path = ImageGallery.xcdatamodeld;
			sourceTree = "<group>";
			versionGroupType = wrapper.xcdatamodel;
		};
/* End XCVersionGroup section */
	};
	rootObject = 5F6F7B1821024EF30016FB3B /* Project object */;
}
