// !$*UTF8*$!
{
	archiveVersion = 1;
	classes = {
	};
	objectVersion = 50;
	objects = {

/* Begin PBXBuildFile section */
		5F60335620C948CD000C348E /* SetViewController.swift in Sources */ = {isa = PBXBuildFile; fileRef = 5F60335520C948CD000C348E /* SetViewController.swift */; };
		5FD3C68620C5457600D7531B /* AppDelegate.swift in Sources */ = {isa = PBXBuildFile; fileRef = 5FD3C68520C5457600D7531B /* AppDelegate.swift */; };
		5FD3C68B20C5457600D7531B /* Main.storyboard in Resources */ = {isa = PBXBuildFile; fileRef = 5FD3C68920C5457600D7531B /* Main.storyboard */; };
		5FD3C68D20C5457900D7531B /* Assets.xcassets in Resources */ = {isa = PBXBuildFile; fileRef = 5FD3C68C20C5457900D7531B /* Assets.xcassets */; };
		5FD3C69020C5457900D7531B /* LaunchScreen.storyboard in Resources */ = {isa = PBXBuildFile; fileRef = 5FD3C68E20C5457900D7531B /* LaunchScreen.storyboard */; };
		5FD3C69920C545A000D7531B /* Card.swift in Sources */ = {isa = PBXBuildFile; fileRef = 5FD3C69820C545A000D7531B /* Card.swift */; };
		5FD3C69B20C54A6800D7531B /* SetBrain.swift in Sources */ = {isa = PBXBuildFile; fileRef = 5FD3C69A20C54A6800D7531B /* SetBrain.swift */; };
		5FD3C6BC20C5738300D7531B /* Grid.swift in Sources */ = {isa = PBXBuildFile; fileRef = 5FD3C6BB20C5738300D7531B /* Grid.swift */; };
		5FD3C6BE20C576C200D7531B /* SetCardView.swift in Sources */ = {isa = PBXBuildFile; fileRef = 5FD3C6BD20C576C200D7531B /* SetCardView.swift */; };
/* End PBXBuildFile section */

/* Begin PBXFileReference section */
		5F60335520C948CD000C348E /* SetViewController.swift */ = {isa = PBXFileReference; lastKnownFileType = sourcecode.swift; path = SetViewController.swift; sourceTree = "<group>"; };
		5FD3C68220C5457600D7531B /* Set (By Code).app */ = {isa = PBXFileReference; explicitFileType = wrapper.application; includeInIndex = 0; path = "Set (By Code).app"; sourceTree = BUILT_PRODUCTS_DIR; };
		5FD3C68520C5457600D7531B /* AppDelegate.swift */ = {isa = PBXFileReference; lastKnownFileType = sourcecode.swift; path = AppDelegate.swift; sourceTree = "<group>"; };
		5FD3C68A20C5457600D7531B /* Base */ = {isa = PBXFileReference; lastKnownFileType = file.storyboard; name = Base; path = Base.lproj/Main.storyboard; sourceTree = "<group>"; };
		5FD3C68C20C5457900D7531B /* Assets.xcassets */ = {isa = PBXFileReference; lastKnownFileType = folder.assetcatalog; path = Assets.xcassets; sourceTree = "<group>"; };
		5FD3C68F20C5457900D7531B /* Base */ = {isa = PBXFileReference; lastKnownFileType = file.storyboard; name = Base; path = Base.lproj/LaunchScreen.storyboard; sourceTree = "<group>"; };
		5FD3C69120C5457900D7531B /* Info.plist */ = {isa = PBXFileReference; lastKnownFileType = text.plist.xml; path = Info.plist; sourceTree = "<group>"; };
		5FD3C69820C545A000D7531B /* Card.swift */ = {isa = PBXFileReference; lastKnownFileType = sourcecode.swift; path = Card.swift; sourceTree = "<group>"; };
		5FD3C69A20C54A6800D7531B /* SetBrain.swift */ = {isa = PBXFileReference; lastKnownFileType = sourcecode.swift; path = SetBrain.swift; sourceTree = "<group>"; };
		5FD3C6BB20C5738300D7531B /* Grid.swift */ = {isa = PBXFileReference; fileEncoding = 4; lastKnownFileType = sourcecode.swift; path = Grid.swift; sourceTree = "<group>"; };
		5FD3C6BD20C576C200D7531B /* SetCardView.swift */ = {isa = PBXFileReference; lastKnownFileType = sourcecode.swift; path = SetCardView.swift; sourceTree = "<group>"; };
/* End PBXFileReference section */

/* Begin PBXFrameworksBuildPhase section */
		5FD3C67F20C5457600D7531B /* Frameworks */ = {
			isa = PBXFrameworksBuildPhase;
			buildActionMask = 2147483647;
			files = (
			);
			runOnlyForDeploymentPostprocessing = 0;
		};
/* End PBXFrameworksBuildPhase section */

/* Begin PBXGroup section */
		5FD3C67920C5457600D7531B = {
			isa = PBXGroup;
			children = (
				5FD3C68420C5457600D7531B /* Set (By Code) */,
				5FD3C68320C5457600D7531B /* Products */,
			);
			sourceTree = "<group>";
		};
		5FD3C68320C5457600D7531B /* Products */ = {
			isa = PBXGroup;
			children = (
				5FD3C68220C5457600D7531B /* Set (By Code).app */,
			);
			name = Products;
			sourceTree = "<group>";
		};
		5FD3C68420C5457600D7531B /* Set (By Code) */ = {
			isa = PBXGroup;
			children = (
				5FD3C69720C5458400D7531B /* Model  */,
				5FD3C6BA20C5643B00D7531B /* View */,
				5FD3C68520C5457600D7531B /* AppDelegate.swift */,
				5F60335520C948CD000C348E /* SetViewController.swift */,
				5FD3C68920C5457600D7531B /* Main.storyboard */,
				5FD3C68C20C5457900D7531B /* Assets.xcassets */,
				5FD3C68E20C5457900D7531B /* LaunchScreen.storyboard */,
				5FD3C69120C5457900D7531B /* Info.plist */,
			);
			path = "Set (By Code)";
			sourceTree = "<group>";
		};
		5FD3C69720C5458400D7531B /* Model  */ = {
			isa = PBXGroup;
			children = (
				5FD3C69820C545A000D7531B /* Card.swift */,
				5FD3C69A20C54A6800D7531B /* SetBrain.swift */,
			);
			path = "Model ";
			sourceTree = "<group>";
		};
		5FD3C6BA20C5643B00D7531B /* View */ = {
			isa = PBXGroup;
			children = (
				5FD3C6BB20C5738300D7531B /* Grid.swift */,
				5FD3C6BD20C576C200D7531B /* SetCardView.swift */,
			);
			path = View;
			sourceTree = "<group>";
		};
/* End PBXGroup section */

/* Begin PBXNativeTarget section */
		5FD3C68120C5457600D7531B /* Set (By Code) */ = {
			isa = PBXNativeTarget;
			buildConfigurationList = 5FD3C69420C5457900D7531B /* Build configuration list for PBXNativeTarget "Set (By Code)" */;
			buildPhases = (
				5FD3C67E20C5457600D7531B /* Sources */,
				5FD3C67F20C5457600D7531B /* Frameworks */,
				5FD3C68020C5457600D7531B /* Resources */,
			);
			buildRules = (
			);
			dependencies = (
			);
			name = "Set (By Code)";
			productName = "Set (By Code)";
			productReference = 5FD3C68220C5457600D7531B /* Set (By Code).app */;
			productType = "com.apple.product-type.application";
		};
/* End PBXNativeTarget section */

/* Begin PBXProject section */
		5FD3C67A20C5457600D7531B /* Project object */ = {
			isa = PBXProject;
			attributes = {
				LastSwiftUpdateCheck = 0930;
				LastUpgradeCheck = 0930;
				ORGANIZATIONNAME = "Ahmed Ramy";
				TargetAttributes = {
					5FD3C68120C5457600D7531B = {
						CreatedOnToolsVersion = 9.3;
					};
				};
			};
			buildConfigurationList = 5FD3C67D20C5457600D7531B /* Build configuration list for PBXProject "Set (By Code)" */;
			compatibilityVersion = "Xcode 9.3";
			developmentRegion = en;
			hasScannedForEncodings = 0;
			knownRegions = (
				en,
				Base,
			);
			mainGroup = 5FD3C67920C5457600D7531B;
			productRefGroup = 5FD3C68320C5457600D7531B /* Products */;
			projectDirPath = "";
			projectRoot = "";
			targets = (
				5FD3C68120C5457600D7531B /* Set (By Code) */,
			);
		};
/* End PBXProject section */

/* Begin PBXResourcesBuildPhase section */
		5FD3C68020C5457600D7531B /* Resources */ = {
			isa = PBXResourcesBuildPhase;
			buildActionMask = 2147483647;
			files = (
				5FD3C69020C5457900D7531B /* LaunchScreen.storyboard in Resources */,
				5FD3C68D20C5457900D7531B /* Assets.xcassets in Resources */,
				5FD3C68B20C5457600D7531B /* Main.storyboard in Resources */,
			);
			runOnlyForDeploymentPostprocessing = 0;
		};
/* End PBXResourcesBuildPhase section */

/* Begin PBXSourcesBuildPhase section */
		5FD3C67E20C5457600D7531B /* Sources */ = {
			isa = PBXSourcesBuildPhase;
			buildActionMask = 2147483647;
			files = (
				5FD3C6BE20C576C200D7531B /* SetCardView.swift in Sources */,
				5F60335620C948CD000C348E /* SetViewController.swift in Sources */,
				5FD3C69B20C54A6800D7531B /* SetBrain.swift in Sources */,
				5FD3C69920C545A000D7531B /* Card.swift in Sources */,
				5FD3C6BC20C5738300D7531B /* Grid.swift in Sources */,
				5FD3C68620C5457600D7531B /* AppDelegate.swift in Sources */,
			);
			runOnlyForDeploymentPostprocessing = 0;
		};
/* End PBXSourcesBuildPhase section */

/* Begin PBXVariantGroup section */
		5FD3C68920C5457600D7531B /* Main.storyboard */ = {
			isa = PBXVariantGroup;
			children = (
				5FD3C68A20C5457600D7531B /* Base */,
			);
			name = Main.storyboard;
			sourceTree = "<group>";
		};
		5FD3C68E20C5457900D7531B /* LaunchScreen.storyboard */ = {
			isa = PBXVariantGroup;
			children = (
				5FD3C68F20C5457900D7531B /* Base */,
			);
			name = LaunchScreen.storyboard;
			sourceTree = "<group>";
		};
/* End PBXVariantGroup section */

/* Begin XCBuildConfiguration section */
		5FD3C69220C5457900D7531B /* Debug */ = {
			isa = XCBuildConfiguration;
			buildSettings = {
				ALWAYS_SEARCH_USER_PATHS = NO;
				CLANG_ANALYZER_NONNULL = YES;
				CLANG_ANALYZER_NUMBER_OBJECT_CONVERSION = YES_AGGRESSIVE;
				CLANG_CXX_LANGUAGE_STANDARD = "gnu++14";
				CLANG_CXX_LIBRARY = "libc++";
				CLANG_ENABLE_MODULES = YES;
				CLANG_ENABLE_OBJC_ARC = YES;
				CLANG_ENABLE_OBJC_WEAK = YES;
				CLANG_WARN_BLOCK_CAPTURE_AUTORELEASING = YES;
				CLANG_WARN_BOOL_CONVERSION = YES;
				CLANG_WARN_COMMA = YES;
				CLANG_WARN_CONSTANT_CONVERSION = YES;
				CLANG_WARN_DEPRECATED_OBJC_IMPLEMENTATIONS = YES;
				CLANG_WARN_DIRECT_OBJC_ISA_USAGE = YES_ERROR;
				CLANG_WARN_DOCUMENTATION_COMMENTS = YES;
				CLANG_WARN_EMPTY_BODY = YES;
				CLANG_WARN_ENUM_CONVERSION = YES;
				CLANG_WARN_INFINITE_RECURSION = YES;
				CLANG_WARN_INT_CONVERSION = YES;
				CLANG_WARN_NON_LITERAL_NULL_CONVERSION = YES;
				CLANG_WARN_OBJC_IMPLICIT_RETAIN_SELF = YES;
				CLANG_WARN_OBJC_LITERAL_CONVERSION = YES;
				CLANG_WARN_OBJC_ROOT_CLASS = YES_ERROR;
				CLANG_WARN_RANGE_LOOP_ANALYSIS = YES;
				CLANG_WARN_STRICT_PROTOTYPES = YES;
				CLANG_WARN_SUSPICIOUS_MOVE = YES;
				CLANG_WARN_UNGUARDED_AVAILABILITY = YES_AGGRESSIVE;
				CLANG_WARN_UNREACHABLE_CODE = YES;
				CLANG_WARN__DUPLICATE_METHOD_MATCH = YES;
				CODE_SIGN_IDENTITY = "iPhone Developer";
				COPY_PHASE_STRIP = NO;
				DEBUG_INFORMATION_FORMAT = dwarf;
				ENABLE_STRICT_OBJC_MSGSEND = YES;
				ENABLE_TESTABILITY = YES;
				GCC_C_LANGUAGE_STANDARD = gnu11;
				GCC_DYNAMIC_NO_PIC = NO;
				GCC_NO_COMMON_BLOCKS = YES;
				GCC_OPTIMIZATION_LEVEL = 0;
				GCC_PREPROCESSOR_DEFINITIONS = (
					"DEBUG=1",
					"$(inherited)",
				);
				GCC_WARN_64_TO_32_BIT_CONVERSION = YES;
				GCC_WARN_ABOUT_RETURN_TYPE = YES_ERROR;
				GCC_WARN_UNDECLARED_SELECTOR = YES;
				GCC_WARN_UNINITIALIZED_AUTOS = YES_AGGRESSIVE;
				GCC_WARN_UNUSED_FUNCTION = YES;
				GCC_WARN_UNUSED_VARIABLE = YES;
				IPHONEOS_DEPLOYMENT_TARGET = 11.3;
				MTL_ENABLE_DEBUG_INFO = YES;
				ONLY_ACTIVE_ARCH = YES;
				SDKROOT = iphoneos;
				SWIFT_ACTIVE_COMPILATION_CONDITIONS = DEBUG;
				SWIFT_OPTIMIZATION_LEVEL = "-Onone";
			};
			name = Debug;
		};
		5FD3C69320C5457900D7531B /* Release */ = {
			isa = XCBuildConfiguration;
			buildSettings = {
				ALWAYS_SEARCH_USER_PATHS = NO;
				CLANG_ANALYZER_NONNULL = YES;
				CLANG_ANALYZER_NUMBER_OBJECT_CONVERSION = YES_AGGRESSIVE;
				CLANG_CXX_LANGUAGE_STANDARD = "gnu++14";
				CLANG_CXX_LIBRARY = "libc++";
				CLANG_ENABLE_MODULES = YES;
				CLANG_ENABLE_OBJC_ARC = YES;
				CLANG_ENABLE_OBJC_WEAK = YES;
				CLANG_WARN_BLOCK_CAPTURE_AUTORELEASING = YES;
				CLANG_WARN_BOOL_CONVERSION = YES;
				CLANG_WARN_COMMA = YES;
				CLANG_WARN_CONSTANT_CONVERSION = YES;
				CLANG_WARN_DEPRECATED_OBJC_IMPLEMENTATIONS = YES;
				CLANG_WARN_DIRECT_OBJC_ISA_USAGE = YES_ERROR;
				CLANG_WARN_DOCUMENTATION_COMMENTS = YES;
				CLANG_WARN_EMPTY_BODY = YES;
				CLANG_WARN_ENUM_CONVERSION = YES;
				CLANG_WARN_INFINITE_RECURSION = YES;
				CLANG_WARN_INT_CONVERSION = YES;
				CLANG_WARN_NON_LITERAL_NULL_CONVERSION = YES;
				CLANG_WARN_OBJC_IMPLICIT_RETAIN_SELF = YES;
				CLANG_WARN_OBJC_LITERAL_CONVERSION = YES;
				CLANG_WARN_OBJC_ROOT_CLASS = YES_ERROR;
				CLANG_WARN_RANGE_LOOP_ANALYSIS = YES;
				CLANG_WARN_STRICT_PROTOTYPES = YES;
				CLANG_WARN_SUSPICIOUS_MOVE = YES;
				CLANG_WARN_UNGUARDED_AVAILABILITY = YES_AGGRESSIVE;
				CLANG_WARN_UNREACHABLE_CODE = YES;
				CLANG_WARN__DUPLICATE_METHOD_MATCH = YES;
				CODE_SIGN_IDENTITY = "iPhone Developer";
				COPY_PHASE_STRIP = NO;
				DEBUG_INFORMATION_FORMAT = "dwarf-with-dsym";
				ENABLE_NS_ASSERTIONS = NO;
				ENABLE_STRICT_OBJC_MSGSEND = YES;
				GCC_C_LANGUAGE_STANDARD = gnu11;
				GCC_NO_COMMON_BLOCKS = YES;
				GCC_WARN_64_TO_32_BIT_CONVERSION = YES;
				GCC_WARN_ABOUT_RETURN_TYPE = YES_ERROR;
				GCC_WARN_UNDECLARED_SELECTOR = YES;
				GCC_WARN_UNINITIALIZED_AUTOS = YES_AGGRESSIVE;
				GCC_WARN_UNUSED_FUNCTION = YES;
				GCC_WARN_UNUSED_VARIABLE = YES;
				IPHONEOS_DEPLOYMENT_TARGET = 11.3;
				MTL_ENABLE_DEBUG_INFO = NO;
				SDKROOT = iphoneos;
				SWIFT_COMPILATION_MODE = wholemodule;
				SWIFT_OPTIMIZATION_LEVEL = "-O";
				VALIDATE_PRODUCT = YES;
			};
			name = Release;
		};
		5FD3C69520C5457900D7531B /* Debug */ = {
			isa = XCBuildConfiguration;
			buildSettings = {
				ASSETCATALOG_COMPILER_APPICON_NAME = AppIcon;
				CODE_SIGN_STYLE = Automatic;
				DEVELOPMENT_TEAM = 969Y6REAB6;
				INFOPLIST_FILE = "Set (By Code)/Info.plist";
				LD_RUNPATH_SEARCH_PATHS = (
					"$(inherited)",
					"@executable_path/Frameworks",
				);
				PRODUCT_BUNDLE_IDENTIFIER = "ShaDiLiX.Set--By-Code-";
				PRODUCT_NAME = "$(TARGET_NAME)";
				SWIFT_VERSION = 4.0;
				TARGETED_DEVICE_FAMILY = "1,2";
			};
			name = Debug;
		};
		5FD3C69620C5457900D7531B /* Release */ = {
			isa = XCBuildConfiguration;
			buildSettings = {
				ASSETCATALOG_COMPILER_APPICON_NAME = AppIcon;
				CODE_SIGN_STYLE = Automatic;
				DEVELOPMENT_TEAM = 969Y6REAB6;
				INFOPLIST_FILE = "Set (By Code)/Info.plist";
				LD_RUNPATH_SEARCH_PATHS = (
					"$(inherited)",
					"@executable_path/Frameworks",
				);
				PRODUCT_BUNDLE_IDENTIFIER = "ShaDiLiX.Set--By-Code-";
				PRODUCT_NAME = "$(TARGET_NAME)";
				SWIFT_VERSION = 4.0;
				TARGETED_DEVICE_FAMILY = "1,2";
			};
			name = Release;
		};
/* End XCBuildConfiguration section */

/* Begin XCConfigurationList section */
		5FD3C67D20C5457600D7531B /* Build configuration list for PBXProject "Set (By Code)" */ = {
			isa = XCConfigurationList;
			buildConfigurations = (
				5FD3C69220C5457900D7531B /* Debug */,
				5FD3C69320C5457900D7531B /* Release */,
			);
			defaultConfigurationIsVisible = 0;
			defaultConfigurationName = Release;
		};
		5FD3C69420C5457900D7531B /* Build configuration list for PBXNativeTarget "Set (By Code)" */ = {
			isa = XCConfigurationList;
			buildConfigurations = (
				5FD3C69520C5457900D7531B /* Debug */,
				5FD3C69620C5457900D7531B /* Release */,
			);
			defaultConfigurationIsVisible = 0;
			defaultConfigurationName = Release;
		};
/* End XCConfigurationList section */
	};
	rootObject = 5FD3C67A20C5457600D7531B /* Project object */;
}
